%{"certifi": {:hex, :certifi, "0.3.0"},
  "coverex": {:hex, :coverex, "1.4.8"},
  "cowboy": {:hex, :cowboy, "1.0.4"},
  "cowlib": {:hex, :cowlib, "1.0.2"},
  "dialyxir": {:hex, :dialyxir, "0.3.2"},
  "dogma": {:hex, :dogma, "0.0.11"},
  "earmark": {:hex, :earmark, "0.2.1"},
  "ex_doc": {:hex, :ex_doc, "0.11.4"},
  "ex_parameterized": {:hex, :ex_parameterized, "1.0.2"},
  "exactor": {:hex, :exactor, "2.2.0"},
  "excoveralls": {:hex, :excoveralls, "0.4.6"},
  "exjsx": {:hex, :exjsx, "3.2.0"},
  "exvcr": {:hex, :exvcr, "0.7.1"},
  "hackney": {:hex, :hackney, "1.4.8"},
  "httpoison": {:hex, :httpoison, "0.8.0"},
  "idna": {:hex, :idna, "1.0.3"},
  "jsx": {:hex, :jsx, "2.6.2"},
  "meck": {:hex, :meck, "0.8.4"},
  "mimerl": {:hex, :mimerl, "1.0.2"},
  "plug": {:hex, :plug, "1.1.1"},
  "poison": {:hex, :poison, "1.5.2"},
  "ranch": {:hex, :ranch, "1.2.1"},
  "shouldi": {:git, "https://github.com/batate/shouldi.git", "3f384b748fdb66cb6cbcdc2f58d6119928c7a319", []},
  "ssl_verify_hostname": {:hex, :ssl_verify_hostname, "1.0.5"}}
